
Microsoft Visual Studio Solution File, Format Version 12.00
# Visual Studio 15
VisualStudioVersion = 15.0.28307.539
MinimumVisualStudioVersion = 10.0.40219.1
Project("{2150E333-8FDC-42A3-9474-1A3956D46DE8}") = "UI", "UI", "{0704EA82-2FED-4677-90C4-2F157784F5EA}"
EndProject
Project("{FAE04EC0-301F-11D3-BF4B-00C04F79EFBC}") = "BookNyAftale", "BookNyAftale\BookNyAftale.csproj", "{ABC8BB69-8053-45EE-9E78-5A7DDC110D6E}"
EndProject
Project("{2150E333-8FDC-42A3-9474-1A3956D46DE8}") = "Application", "Application", "{2E0B6F2F-656B-4443-9D61-74957CAD22CA}"
EndProject
Project("{2150E333-8FDC-42A3-9474-1A3956D46DE8}") = "Domain", "Domain", "{1978FB6C-7AAA-4C04-B700-8C9AE9FA6830}"
EndProject
Project("{FAE04EC0-301F-11D3-BF4B-00C04F79EFBC}") = "UnitTestProject", "UnitTestProject\UnitTestProject.csproj", "{51266B0D-EE07-4119-A53A-944BE097A403}"
EndProject
Project("{2150E333-8FDC-42A3-9474-1A3956D46DE8}") = "Testing", "Testing", "{E139EE85-051F-48AF-9D07-D721CE48F17F}"
EndProject
Project("{9A19103F-16F7-4668-BE54-9A1E7A4F7556}") = "ApplicationClassLibrary", "ViewModelClassLibrary\ApplicationClassLibrary.csproj", "{0EF19BAF-D374-4C52-8DF6-093E45A2F2B7}"
EndProject
Project("{9A19103F-16F7-4668-BE54-9A1E7A4F7556}") = "ModelClassLibrary", "ModelClassLibrary\ModelClassLibrary.csproj", "{BB1603B7-1593-4B0B-BE66-EC29CF1635DD}"
EndProject
Global
	GlobalSection(SolutionConfigurationPlatforms) = preSolution
		Debug|Any CPU = Debug|Any CPU
		Release|Any CPU = Release|Any CPU
	EndGlobalSection
	GlobalSection(ProjectConfigurationPlatforms) = postSolution
		{ABC8BB69-8053-45EE-9E78-5A7DDC110D6E}.Debug|Any CPU.ActiveCfg = Debug|Any CPU
		{ABC8BB69-8053-45EE-9E78-5A7DDC110D6E}.Debug|Any CPU.Build.0 = Debug|Any CPU
		{ABC8BB69-8053-45EE-9E78-5A7DDC110D6E}.Release|Any CPU.ActiveCfg = Release|Any CPU
		{ABC8BB69-8053-45EE-9E78-5A7DDC110D6E}.Release|Any CPU.Build.0 = Release|Any CPU
		{51266B0D-EE07-4119-A53A-944BE097A403}.Debug|Any CPU.ActiveCfg = Debug|Any CPU
		{51266B0D-EE07-4119-A53A-944BE097A403}.Debug|Any CPU.Build.0 = Debug|Any CPU
		{51266B0D-EE07-4119-A53A-944BE097A403}.Release|Any CPU.ActiveCfg = Release|Any CPU
		{51266B0D-EE07-4119-A53A-944BE097A403}.Release|Any CPU.Build.0 = Release|Any CPU
		{0EF19BAF-D374-4C52-8DF6-093E45A2F2B7}.Debug|Any CPU.ActiveCfg = Debug|Any CPU
		{0EF19BAF-D374-4C52-8DF6-093E45A2F2B7}.Debug|Any CPU.Build.0 = Debug|Any CPU
		{0EF19BAF-D374-4C52-8DF6-093E45A2F2B7}.Release|Any CPU.ActiveCfg = Release|Any CPU
		{0EF19BAF-D374-4C52-8DF6-093E45A2F2B7}.Release|Any CPU.Build.0 = Release|Any CPU
		{BB1603B7-1593-4B0B-BE66-EC29CF1635DD}.Debug|Any CPU.ActiveCfg = Debug|Any CPU
		{BB1603B7-1593-4B0B-BE66-EC29CF1635DD}.Debug|Any CPU.Build.0 = Debug|Any CPU
		{BB1603B7-1593-4B0B-BE66-EC29CF1635DD}.Release|Any CPU.ActiveCfg = Release|Any CPU
		{BB1603B7-1593-4B0B-BE66-EC29CF1635DD}.Release|Any CPU.Build.0 = Release|Any CPU
	EndGlobalSection
	GlobalSection(SolutionProperties) = preSolution
		HideSolutionNode = FALSE
	EndGlobalSection
	GlobalSection(NestedProjects) = preSolution
		{ABC8BB69-8053-45EE-9E78-5A7DDC110D6E} = {0704EA82-2FED-4677-90C4-2F157784F5EA}
		{51266B0D-EE07-4119-A53A-944BE097A403} = {E139EE85-051F-48AF-9D07-D721CE48F17F}
		{0EF19BAF-D374-4C52-8DF6-093E45A2F2B7} = {2E0B6F2F-656B-4443-9D61-74957CAD22CA}
		{BB1603B7-1593-4B0B-BE66-EC29CF1635DD} = {1978FB6C-7AAA-4C04-B700-8C9AE9FA6830}
	EndGlobalSection
	GlobalSection(ExtensibilityGlobals) = postSolution
		SolutionGuid = {BD707155-898A-4F2E-8B82-0AED14DD3045}
	EndGlobalSection
EndGlobal
